{
    "version": 3,
    "terraform_version": "0.7.13",
    "serial": 4,
    "lineage": "3429c284-5d2f-43c2-bfb7-fe07d7a953e8",
    "modules": [
        {
            "path": [
                "root"
            ],
            "outputs": {},
            "resources": {
                "aws_autoscaling_group.master_server_group": {
                    "type": "aws_autoscaling_group",
                    "depends_on": [
                        "aws_elb.internal_master",
                        "aws_launch_configuration.master"
                    ],
                    "primary": {
                        "id": "dcos-masters-asg",
                        "attributes": {
                            "arn": "arn:aws:autoscaling:us-east-1:862470062164:autoScalingGroup:39651aab-04bc-4acd-a634-ce8cfca3f3fc:autoScalingGroupName/dcos-masters-asg",
                            "availability_zones.#": "1",
                            "availability_zones.2762590996": "us-east-1d",
                            "default_cooldown": "300",
                            "desired_capacity": "1",
                            "force_delete": "false",
                            "health_check_grace_period": "300",
                            "health_check_type": "EC2",
                            "id": "dcos-masters-asg",
                            "launch_configuration": "terraform-201612011840423513216937o4",
                            "load_balancers.#": "1",
                            "load_balancers.106760652": "dcos-master-v1-lb",
                            "max_size": "1",
                            "metrics_granularity": "1Minute",
                            "min_size": "1",
                            "name": "dcos-masters-asg",
                            "placement_group": "",
                            "protect_from_scale_in": "false",
                            "tag.#": "1",
                            "tag.1512003620.key": "role",
                            "tag.1512003620.propagate_at_launch": "true",
                            "tag.1512003620.value": "mesos-master",
                            "target_group_arns.#": "0",
                            "termination_policies.#": "0",
                            "vpc_zone_identifier.#": "1",
                            "vpc_zone_identifier.3832146097": "subnet-3e8d3465",
                            "wait_for_capacity_timeout": "10m"
                        },
                        "meta": {},
                        "tainted": false
                    },
                    "deposed": [],
                    "provider": ""
                },
                "aws_autoscaling_group.public_slave_server_group": {
                    "type": "aws_autoscaling_group",
                    "depends_on": [
                        "aws_elb.public_slaves",
                        "aws_launch_configuration.public_slave"
                    ],
                    "primary": {
                        "id": "dcos-public-slaves",
                        "attributes": {
                            "arn": "arn:aws:autoscaling:us-east-1:862470062164:autoScalingGroup:1fd75834-1fb7-4b0e-9a52-e7151223f83e:autoScalingGroupName/dcos-public-slaves",
                            "availability_zones.#": "1",
                            "availability_zones.2762590996": "us-east-1d",
                            "default_cooldown": "300",
                            "desired_capacity": "1",
                            "force_delete": "false",
                            "health_check_grace_period": "300",
                            "health_check_type": "EC2",
                            "id": "dcos-public-slaves",
                            "launch_configuration": "terraform-20161201200452049407228xyb",
                            "load_balancers.#": "1",
                            "load_balancers.739419855": "dcos-public-slave-v1-lb",
                            "max_size": "1",
                            "metrics_granularity": "1Minute",
                            "min_size": "1",
                            "name": "dcos-public-slaves",
                            "placement_group": "",
                            "protect_from_scale_in": "false",
                            "tag.#": "1",
                            "tag.112902960.key": "role",
                            "tag.112902960.propagate_at_launch": "true",
                            "tag.112902960.value": "mesos-slave",
                            "target_group_arns.#": "0",
                            "termination_policies.#": "0",
                            "vpc_zone_identifier.#": "1",
                            "vpc_zone_identifier.3675763391": "subnet-3d8d3466",
                            "wait_for_capacity_timeout": "10m"
                        },
                        "meta": {},
                        "tainted": false
                    },
                    "deposed": [],
                    "provider": ""
                },
                "aws_autoscaling_group.slave_server_group": {
                    "type": "aws_autoscaling_group",
                    "depends_on": [
                        "aws_launch_configuration.slave"
                    ],
                    "primary": {
                        "id": "dcos-slaves",
                        "attributes": {
                            "arn": "arn:aws:autoscaling:us-east-1:862470062164:autoScalingGroup:a5bd2e08-7949-4f29-aa12-5f7d202cf3d8:autoScalingGroupName/dcos-slaves",
                            "availability_zones.#": "1",
                            "availability_zones.2762590996": "us-east-1d",
                            "default_cooldown": "300",
                            "desired_capacity": "1",
                            "force_delete": "false",
                            "health_check_grace_period": "300",
                            "health_check_type": "EC2",
                            "id": "dcos-slaves",
                            "launch_configuration": "terraform-20161201200452055915981ob2",
                            "load_balancers.#": "0",
                            "max_size": "1",
                            "metrics_granularity": "1Minute",
                            "min_size": "1",
                            "name": "dcos-slaves",
                            "placement_group": "",
                            "protect_from_scale_in": "false",
                            "tag.#": "1",
                            "tag.112902960.key": "role",
                            "tag.112902960.propagate_at_launch": "true",
                            "tag.112902960.value": "mesos-slave",
                            "target_group_arns.#": "0",
                            "termination_policies.#": "0",
                            "vpc_zone_identifier.#": "1",
                            "vpc_zone_identifier.3832146097": "subnet-3e8d3465",
                            "wait_for_capacity_timeout": "10m"
                        },
                        "meta": {},
                        "tainted": false
                    },
                    "deposed": [],
                    "provider": ""
                },
                "aws_elb.internal_master": {
                    "type": "aws_elb",
                    "depends_on": [
                        "aws_security_group.admin",
                        "aws_security_group.master",
                        "aws_security_group.master_lb",
                        "aws_security_group.public_slave",
                        "aws_security_group.slave"
                    ],
                    "primary": {
                        "id": "dcos-master-v1-lb",
                        "attributes": {
                            "access_logs.#": "0",
                            "availability_zones.#": "1",
                            "availability_zones.2762590996": "us-east-1d",
                            "connection_draining": "false",
                            "connection_draining_timeout": "300",
                            "cross_zone_load_balancing": "true",
                            "dns_name": "internal-dcos-master-v1-lb-2067798167.us-east-1.elb.amazonaws.com",
                            "health_check.#": "1",
                            "health_check.0.healthy_threshold": "2",
                            "health_check.0.interval": "30",
                            "health_check.0.target": "HTTP:5050/health",
                            "health_check.0.timeout": "5",
                            "health_check.0.unhealthy_threshold": "2",
                            "id": "dcos-master-v1-lb",
                            "idle_timeout": "60",
                            "instances.#": "1",
                            "instances.4133698067": "i-7d3d28ee",
                            "internal": "true",
                            "listener.#": "6",
                            "listener.1092403652.instance_port": "8080",
                            "listener.1092403652.instance_protocol": "http",
                            "listener.1092403652.lb_port": "8080",
                            "listener.1092403652.lb_protocol": "http",
                            "listener.1092403652.ssl_certificate_id": "",
                            "listener.2024497952.instance_port": "2181",
                            "listener.2024497952.instance_protocol": "tcp",
                            "listener.2024497952.lb_port": "2181",
                            "listener.2024497952.lb_protocol": "tcp",
                            "listener.2024497952.ssl_certificate_id": "",
                            "listener.3057123346.instance_port": "80",
                            "listener.3057123346.instance_protocol": "http",
                            "listener.3057123346.lb_port": "80",
                            "listener.3057123346.lb_protocol": "http",
                            "listener.3057123346.ssl_certificate_id": "",
                            "listener.3829233144.instance_port": "5050",
                            "listener.3829233144.instance_protocol": "http",
                            "listener.3829233144.lb_port": "5050",
                            "listener.3829233144.lb_protocol": "http",
                            "listener.3829233144.ssl_certificate_id": "",
                            "listener.3896584131.instance_port": "8181",
                            "listener.3896584131.instance_protocol": "http",
                            "listener.3896584131.lb_port": "8181",
                            "listener.3896584131.lb_protocol": "http",
                            "listener.3896584131.ssl_certificate_id": "",
                            "listener.610193557.instance_port": "443",
                            "listener.610193557.instance_protocol": "tcp",
                            "listener.610193557.lb_port": "443",
                            "listener.610193557.lb_protocol": "tcp",
                            "listener.610193557.ssl_certificate_id": "",
                            "name": "dcos-master-v1-lb",
                            "security_groups.#": "5",
                            "security_groups.1116801142": "sg-37423d4a",
                            "security_groups.2112836216": "sg-36423d4b",
                            "security_groups.2981357692": "sg-33423d4e",
                            "security_groups.3478084704": "sg-31423d4c",
                            "security_groups.4150051447": "sg-30423d4d",
                            "source_security_group": "862470062164/dcos-admin",
                            "source_security_group_id": "sg-36423d4b",
                            "subnets.#": "1",
                            "subnets.3832146097": "subnet-3e8d3465",
                            "tags.%": "0",
                            "zone_id": "Z35SXDOTRQ7X7K"
                        },
                        "meta": {},
                        "tainted": false
                    },
                    "deposed": [],
                    "provider": ""
                },
                "aws_elb.public_slaves": {
                    "type": "aws_elb",
                    "depends_on": [
                        "aws_security_group.public_slave"
                    ],
                    "primary": {
                        "id": "dcos-public-slave-v1-lb",
                        "attributes": {
                            "access_logs.#": "0",
                            "availability_zones.#": "1",
                            "availability_zones.2762590996": "us-east-1d",
                            "connection_draining": "false",
                            "connection_draining_timeout": "300",
                            "cross_zone_load_balancing": "true",
                            "dns_name": "dcos-public-slave-v1-lb-1974769715.us-east-1.elb.amazonaws.com",
                            "health_check.#": "1",
                            "health_check.0.healthy_threshold": "2",
                            "health_check.0.interval": "30",
                            "health_check.0.target": "HTTP:80/",
                            "health_check.0.timeout": "5",
                            "health_check.0.unhealthy_threshold": "2",
                            "id": "dcos-public-slave-v1-lb",
                            "idle_timeout": "60",
                            "instances.#": "1",
                            "instances.558187917": "i-313c29a2",
                            "internal": "false",
                            "listener.#": "2",
                            "listener.3057123346.instance_port": "80",
                            "listener.3057123346.instance_protocol": "http",
                            "listener.3057123346.lb_port": "80",
                            "listener.3057123346.lb_protocol": "http",
                            "listener.3057123346.ssl_certificate_id": "",
                            "listener.610193557.instance_port": "443",
                            "listener.610193557.instance_protocol": "tcp",
                            "listener.610193557.lb_port": "443",
                            "listener.610193557.lb_protocol": "tcp",
                            "listener.610193557.ssl_certificate_id": "",
                            "name": "dcos-public-slave-v1-lb",
                            "security_groups.#": "1",
                            "security_groups.3478084704": "sg-31423d4c",
                            "source_security_group": "862470062164/dcos-public-slaves",
                            "source_security_group_id": "sg-31423d4c",
                            "subnets.#": "1",
                            "subnets.3675763391": "subnet-3d8d3466",
                            "tags.%": "0",
                            "zone_id": "Z35SXDOTRQ7X7K"
                        },
                        "meta": {},
                        "tainted": false
                    },
                    "deposed": [],
                    "provider": ""
                },
                "aws_launch_configuration.master": {
                    "type": "aws_launch_configuration",
                    "depends_on": [
                        "aws_security_group.admin",
                        "aws_security_group.master",
                        "data.template_file.master_user_data"
                    ],
                    "primary": {
                        "id": "terraform-201612011840423513216937o4",
                        "attributes": {
                            "associate_public_ip_address": "false",
                            "ebs_block_device.#": "0",
                            "ebs_optimized": "false",
                            "enable_monitoring": "true",
                            "ephemeral_block_device.#": "0",
                            "iam_instance_profile": "",
                            "id": "terraform-201612011840423513216937o4",
                            "image_id": "ami-6d138f7a",
                            "instance_type": "m3.xlarge",
                            "key_name": "us-east-1-dcos",
                            "name": "terraform-201612011840423513216937o4",
                            "root_block_device.#": "0",
                            "security_groups.#": "2",
                            "security_groups.2112836216": "sg-36423d4b",
                            "security_groups.2981357692": "sg-33423d4e",
                            "spot_price": "",
                            "user_data": "2c1a0138f1a544f4f8760b2a3d44b91c11d58f05",
                            "vpc_classic_link_id": "",
                            "vpc_classic_link_security_groups.#": "0"
                        },
                        "meta": {},
                        "tainted": false
                    },
                    "deposed": [],
                    "provider": ""
                },
                "aws_launch_configuration.public_slave": {
                    "type": "aws_launch_configuration",
                    "depends_on": [],
                    "primary": {
                        "id": "terraform-20161201200452049407228xyb",
                        "attributes": {
                            "associate_public_ip_address": "true",
                            "ebs_block_device.#": "0",
                            "ebs_optimized": "false",
                            "enable_monitoring": "true",
                            "ephemeral_block_device.#": "0",
                            "iam_instance_profile": "",
                            "id": "terraform-20161201200452049407228xyb",
                            "image_id": "ami-6d138f7a",
                            "instance_type": "m3.xlarge",
                            "key_name": "us-east-1-dcos",
                            "name": "terraform-20161201200452049407228xyb",
                            "root_block_device.#": "0",
                            "security_groups.#": "1",
                            "security_groups.3478084704": "sg-31423d4c",
                            "spot_price": "",
                            "user_data": "0d11b88b19daa58ac49e929908b1dd20130a5b62",
                            "vpc_classic_link_id": "",
                            "vpc_classic_link_security_groups.#": "0"
                        },
                        "meta": {},
                        "tainted": false
                    },
                    "deposed": [],
                    "provider": ""
                },
                "aws_launch_configuration.slave": {
                    "type": "aws_launch_configuration",
                    "depends_on": [],
                    "primary": {
                        "id": "terraform-20161201200452055915981ob2",
                        "attributes": {
                            "associate_public_ip_address": "false",
                            "ebs_block_device.#": "0",
                            "ebs_optimized": "false",
                            "enable_monitoring": "true",
                            "ephemeral_block_device.#": "0",
                            "iam_instance_profile": "",
                            "id": "terraform-20161201200452055915981ob2",
                            "image_id": "ami-6d138f7a",
                            "instance_type": "m3.xlarge",
                            "key_name": "us-east-1-dcos",
                            "name": "terraform-20161201200452055915981ob2",
                            "root_block_device.#": "0",
                            "security_groups.#": "1",
                            "security_groups.1116801142": "sg-37423d4a",
                            "spot_price": "",
                            "user_data": "c80312ceadcb783e9fb02569717120d323339a58",
                            "vpc_classic_link_id": "",
                            "vpc_classic_link_security_groups.#": "0"
                        },
                        "meta": {},
                        "tainted": false
                    },
                    "deposed": [],
                    "provider": ""
                },
                "aws_security_group.admin": {
                    "type": "aws_security_group",
                    "depends_on": [],
                    "primary": {
                        "id": "sg-36423d4b",
                        "attributes": {
                            "description": "Enable admin access to servers dcos",
                            "egress.#": "1",
                            "egress.482069346.cidr_blocks.#": "1",
                            "egress.482069346.cidr_blocks.0": "0.0.0.0/0",
                            "egress.482069346.from_port": "0",
                            "egress.482069346.prefix_list_ids.#": "0",
                            "egress.482069346.protocol": "-1",
                            "egress.482069346.security_groups.#": "0",
                            "egress.482069346.self": "false",
                            "egress.482069346.to_port": "0",
                            "id": "sg-36423d4b",
                            "ingress.#": "1",
                            "ingress.280389784.cidr_blocks.#": "2",
                            "ingress.280389784.cidr_blocks.0": "10.0.0.0/16",
                            "ingress.280389784.cidr_blocks.1": "0.0.0.0/0",
                            "ingress.280389784.from_port": "0",
                            "ingress.280389784.protocol": "-1",
                            "ingress.280389784.security_groups.#": "0",
                            "ingress.280389784.self": "false",
                            "ingress.280389784.to_port": "0",
                            "name": "dcos-admin",
                            "owner_id": "862470062164",
                            "tags.%": "0",
                            "vpc_id": "vpc-cdf10bab"
                        },
                        "meta": {},
                        "tainted": false
                    },
                    "deposed": [],
                    "provider": ""
                },
                "aws_security_group.master": {
                    "type": "aws_security_group",
                    "depends_on": [],
                    "primary": {
                        "id": "sg-33423d4e",
                        "attributes": {
                            "description": "Mesos Masters dcos",
                            "egress.#": "1",
                            "egress.482069346.cidr_blocks.#": "1",
                            "egress.482069346.cidr_blocks.0": "0.0.0.0/0",
                            "egress.482069346.from_port": "0",
                            "egress.482069346.prefix_list_ids.#": "0",
                            "egress.482069346.protocol": "-1",
                            "egress.482069346.security_groups.#": "0",
                            "egress.482069346.self": "false",
                            "egress.482069346.to_port": "0",
                            "id": "sg-33423d4e",
                            "ingress.#": "6",
                            "ingress.1658300068.cidr_blocks.#": "0",
                            "ingress.1658300068.from_port": "0",
                            "ingress.1658300068.protocol": "-1",
                            "ingress.1658300068.security_groups.#": "2",
                            "ingress.1658300068.security_groups.1116801142": "sg-37423d4a",
                            "ingress.1658300068.security_groups.3478084704": "sg-31423d4c",
                            "ingress.1658300068.self": "true",
                            "ingress.1658300068.to_port": "0",
                            "ingress.3002268906.cidr_blocks.#": "0",
                            "ingress.3002268906.from_port": "80",
                            "ingress.3002268906.protocol": "tcp",
                            "ingress.3002268906.security_groups.#": "1",
                            "ingress.3002268906.security_groups.4150051447": "sg-30423d4d",
                            "ingress.3002268906.self": "false",
                            "ingress.3002268906.to_port": "80",
                            "ingress.329403207.cidr_blocks.#": "0",
                            "ingress.329403207.from_port": "8080",
                            "ingress.329403207.protocol": "tcp",
                            "ingress.329403207.security_groups.#": "1",
                            "ingress.329403207.security_groups.4150051447": "sg-30423d4d",
                            "ingress.329403207.self": "false",
                            "ingress.329403207.to_port": "8080",
                            "ingress.3694223435.cidr_blocks.#": "0",
                            "ingress.3694223435.from_port": "2181",
                            "ingress.3694223435.protocol": "tcp",
                            "ingress.3694223435.security_groups.#": "1",
                            "ingress.3694223435.security_groups.4150051447": "sg-30423d4d",
                            "ingress.3694223435.self": "false",
                            "ingress.3694223435.to_port": "2181",
                            "ingress.4051760964.cidr_blocks.#": "0",
                            "ingress.4051760964.from_port": "8081",
                            "ingress.4051760964.protocol": "tcp",
                            "ingress.4051760964.security_groups.#": "1",
                            "ingress.4051760964.security_groups.4150051447": "sg-30423d4d",
                            "ingress.4051760964.self": "false",
                            "ingress.4051760964.to_port": "8081",
                            "ingress.973209206.cidr_blocks.#": "0",
                            "ingress.973209206.from_port": "5050",
                            "ingress.973209206.protocol": "tcp",
                            "ingress.973209206.security_groups.#": "1",
                            "ingress.973209206.security_groups.4150051447": "sg-30423d4d",
                            "ingress.973209206.self": "false",
                            "ingress.973209206.to_port": "5050",
                            "name": "dcos-master",
                            "owner_id": "862470062164",
                            "tags.%": "0",
                            "vpc_id": "vpc-cdf10bab"
                        },
                        "meta": {},
                        "tainted": false
                    },
                    "deposed": [],
                    "provider": ""
                },
                "aws_security_group.master_lb": {
                    "type": "aws_security_group",
                    "depends_on": [],
                    "primary": {
                        "id": "sg-30423d4d",
                        "attributes": {
                            "description": "Mesos Master LB dcos",
                            "egress.#": "1",
                            "egress.482069346.cidr_blocks.#": "1",
                            "egress.482069346.cidr_blocks.0": "0.0.0.0/0",
                            "egress.482069346.from_port": "0",
                            "egress.482069346.prefix_list_ids.#": "0",
                            "egress.482069346.protocol": "-1",
                            "egress.482069346.security_groups.#": "0",
                            "egress.482069346.self": "false",
                            "egress.482069346.to_port": "0",
                            "id": "sg-30423d4d",
                            "ingress.#": "1",
                            "ingress.2877529367.cidr_blocks.#": "0",
                            "ingress.2877529367.from_port": "2181",
                            "ingress.2877529367.protocol": "tcp",
                            "ingress.2877529367.security_groups.#": "1",
                            "ingress.2877529367.security_groups.1116801142": "sg-37423d4a",
                            "ingress.2877529367.self": "false",
                            "ingress.2877529367.to_port": "2181",
                            "name": "dcos-master-lb",
                            "owner_id": "862470062164",
                            "tags.%": "0",
                            "vpc_id": "vpc-cdf10bab"
                        },
                        "meta": {},
                        "tainted": false
                    },
                    "deposed": [],
                    "provider": ""
                },
                "aws_security_group.public_slave": {
                    "type": "aws_security_group",
                    "depends_on": [],
                    "primary": {
                        "id": "sg-31423d4c",
                        "attributes": {
                            "description": "Mesos Slaves Public dcos",
                            "egress.#": "1",
                            "egress.482069346.cidr_blocks.#": "1",
                            "egress.482069346.cidr_blocks.0": "0.0.0.0/0",
                            "egress.482069346.from_port": "0",
                            "egress.482069346.prefix_list_ids.#": "0",
                            "egress.482069346.protocol": "-1",
                            "egress.482069346.security_groups.#": "0",
                            "egress.482069346.self": "false",
                            "egress.482069346.to_port": "0",
                            "id": "sg-31423d4c",
                            "ingress.#": "5",
                            "ingress.1217125192.cidr_blocks.#": "1",
                            "ingress.1217125192.cidr_blocks.0": "0.0.0.0/0",
                            "ingress.1217125192.from_port": "0",
                            "ingress.1217125192.protocol": "tcp",
                            "ingress.1217125192.security_groups.#": "0",
                            "ingress.1217125192.self": "false",
                            "ingress.1217125192.to_port": "21",
                            "ingress.1356569502.cidr_blocks.#": "0",
                            "ingress.1356569502.from_port": "0",
                            "ingress.1356569502.protocol": "-1",
                            "ingress.1356569502.security_groups.#": "2",
                            "ingress.1356569502.security_groups.1116801142": "sg-37423d4a",
                            "ingress.1356569502.security_groups.2981357692": "sg-33423d4e",
                            "ingress.1356569502.self": "true",
                            "ingress.1356569502.to_port": "0",
                            "ingress.1741843269.cidr_blocks.#": "1",
                            "ingress.1741843269.cidr_blocks.0": "0.0.0.0/0",
                            "ingress.1741843269.from_port": "0",
                            "ingress.1741843269.protocol": "udp",
                            "ingress.1741843269.security_groups.#": "0",
                            "ingress.1741843269.self": "false",
                            "ingress.1741843269.to_port": "21",
                            "ingress.3206402967.cidr_blocks.#": "1",
                            "ingress.3206402967.cidr_blocks.0": "0.0.0.0/0",
                            "ingress.3206402967.from_port": "5052",
                            "ingress.3206402967.protocol": "udp",
                            "ingress.3206402967.security_groups.#": "0",
                            "ingress.3206402967.self": "false",
                            "ingress.3206402967.to_port": "65535",
                            "ingress.477657457.cidr_blocks.#": "1",
                            "ingress.477657457.cidr_blocks.0": "0.0.0.0/0",
                            "ingress.477657457.from_port": "23",
                            "ingress.477657457.protocol": "udp",
                            "ingress.477657457.security_groups.#": "0",
                            "ingress.477657457.self": "false",
                            "ingress.477657457.to_port": "5050",
                            "name": "dcos-public-slaves",
                            "owner_id": "862470062164",
                            "tags.%": "0",
                            "vpc_id": "vpc-cdf10bab"
                        },
                        "meta": {},
                        "tainted": false
                    },
                    "deposed": [],
                    "provider": ""
                },
                "aws_security_group.slave": {
                    "type": "aws_security_group",
                    "depends_on": [],
                    "primary": {
                        "id": "sg-37423d4a",
                        "attributes": {
                            "description": "Mesos Slaves dcos",
                            "egress.#": "1",
                            "egress.482069346.cidr_blocks.#": "1",
                            "egress.482069346.cidr_blocks.0": "0.0.0.0/0",
                            "egress.482069346.from_port": "0",
                            "egress.482069346.prefix_list_ids.#": "0",
                            "egress.482069346.protocol": "-1",
                            "egress.482069346.security_groups.#": "0",
                            "egress.482069346.self": "false",
                            "egress.482069346.to_port": "0",
                            "id": "sg-37423d4a",
                            "ingress.#": "1",
                            "ingress.2196860250.cidr_blocks.#": "0",
                            "ingress.2196860250.from_port": "0",
                            "ingress.2196860250.protocol": "-1",
                            "ingress.2196860250.security_groups.#": "2",
                            "ingress.2196860250.security_groups.2981357692": "sg-33423d4e",
                            "ingress.2196860250.security_groups.3478084704": "sg-31423d4c",
                            "ingress.2196860250.self": "true",
                            "ingress.2196860250.to_port": "0",
                            "name": "dcos-slave",
                            "owner_id": "862470062164",
                            "tags.%": "0",
                            "vpc_id": "vpc-cdf10bab"
                        },
                        "meta": {},
                        "tainted": false
                    },
                    "deposed": [],
                    "provider": ""
                },
                "aws_security_group_rule.admin_egress_all": {
                    "type": "aws_security_group_rule",
                    "depends_on": [
                        "aws_security_group.admin"
                    ],
                    "primary": {
                        "id": "sgrule-2846575733",
                        "attributes": {
                            "cidr_blocks.#": "1",
                            "cidr_blocks.0": "0.0.0.0/0",
                            "from_port": "0",
                            "id": "sgrule-2846575733",
                            "prefix_list_ids.#": "0",
                            "protocol": "-1",
                            "security_group_id": "sg-36423d4b",
                            "self": "false",
                            "to_port": "65535",
                            "type": "egress"
                        },
                        "meta": {
                            "schema_version": "2"
                        },
                        "tainted": false
                    },
                    "deposed": [],
                    "provider": ""
                },
                "aws_security_group_rule.admin_ingress_all": {
                    "type": "aws_security_group_rule",
                    "depends_on": [
                        "aws_security_group.admin"
                    ],
                    "primary": {
                        "id": "sgrule-323201328",
                        "attributes": {
                            "cidr_blocks.#": "2",
                            "cidr_blocks.0": "10.0.0.0/16",
                            "cidr_blocks.1": "0.0.0.0/0",
                            "from_port": "0",
                            "id": "sgrule-323201328",
                            "prefix_list_ids.#": "0",
                            "protocol": "-1",
                            "security_group_id": "sg-36423d4b",
                            "self": "false",
                            "to_port": "65535",
                            "type": "ingress"
                        },
                        "meta": {
                            "schema_version": "2"
                        },
                        "tainted": false
                    },
                    "deposed": [],
                    "provider": ""
                },
                "aws_security_group_rule.master_egress_all": {
                    "type": "aws_security_group_rule",
                    "depends_on": [
                        "aws_security_group.master"
                    ],
                    "primary": {
                        "id": "sgrule-455715528",
                        "attributes": {
                            "cidr_blocks.#": "1",
                            "cidr_blocks.0": "0.0.0.0/0",
                            "from_port": "0",
                            "id": "sgrule-455715528",
                            "prefix_list_ids.#": "0",
                            "protocol": "-1",
                            "security_group_id": "sg-33423d4e",
                            "self": "false",
                            "to_port": "65535",
                            "type": "egress"
                        },
                        "meta": {
                            "schema_version": "2"
                        },
                        "tainted": false
                    },
                    "deposed": [],
                    "provider": ""
                },
                "aws_security_group_rule.master_ingress_master": {
                    "type": "aws_security_group_rule",
                    "depends_on": [
                        "aws_security_group.master"
                    ],
                    "primary": {
                        "id": "sgrule-2345619161",
                        "attributes": {
                            "cidr_blocks.#": "0",
                            "from_port": "0",
                            "id": "sgrule-2345619161",
                            "prefix_list_ids.#": "0",
                            "protocol": "-1",
                            "security_group_id": "sg-33423d4e",
                            "self": "true",
                            "source_security_group_id": "sg-33423d4e",
                            "to_port": "65535",
                            "type": "ingress"
                        },
                        "meta": {
                            "schema_version": "2"
                        },
                        "tainted": false
                    },
                    "deposed": [],
                    "provider": ""
                },
                "aws_security_group_rule.master_ingress_master_lb_2181": {
                    "type": "aws_security_group_rule",
                    "depends_on": [
                        "aws_security_group.master",
                        "aws_security_group.master_lb"
                    ],
                    "primary": {
                        "id": "sgrule-19868448",
                        "attributes": {
                            "cidr_blocks.#": "0",
                            "from_port": "2181",
                            "id": "sgrule-19868448",
                            "prefix_list_ids.#": "0",
                            "protocol": "tcp",
                            "security_group_id": "sg-33423d4e",
                            "self": "false",
                            "source_security_group_id": "sg-30423d4d",
                            "to_port": "2181",
                            "type": "ingress"
                        },
                        "meta": {
                            "schema_version": "2"
                        },
                        "tainted": false
                    },
                    "deposed": [],
                    "provider": ""
                },
                "aws_security_group_rule.master_ingress_master_lb_5050": {
                    "type": "aws_security_group_rule",
                    "depends_on": [
                        "aws_security_group.master",
                        "aws_security_group.master_lb"
                    ],
                    "primary": {
                        "id": "sgrule-3834104381",
                        "attributes": {
                            "cidr_blocks.#": "0",
                            "from_port": "5050",
                            "id": "sgrule-3834104381",
                            "prefix_list_ids.#": "0",
                            "protocol": "tcp",
                            "security_group_id": "sg-33423d4e",
                            "self": "false",
                            "source_security_group_id": "sg-30423d4d",
                            "to_port": "5050",
                            "type": "ingress"
                        },
                        "meta": {
                            "schema_version": "2"
                        },
                        "tainted": false
                    },
                    "deposed": [],
                    "provider": ""
                },
                "aws_security_group_rule.master_ingress_master_lb_80": {
                    "type": "aws_security_group_rule",
                    "depends_on": [
                        "aws_security_group.master",
                        "aws_security_group.master_lb"
                    ],
                    "primary": {
                        "id": "sgrule-964135667",
                        "attributes": {
                            "cidr_blocks.#": "0",
                            "from_port": "80",
                            "id": "sgrule-964135667",
                            "prefix_list_ids.#": "0",
                            "protocol": "tcp",
                            "security_group_id": "sg-33423d4e",
                            "self": "false",
                            "source_security_group_id": "sg-30423d4d",
                            "to_port": "80",
                            "type": "ingress"
                        },
                        "meta": {
                            "schema_version": "2"
                        },
                        "tainted": false
                    },
                    "deposed": [],
                    "provider": ""
                },
                "aws_security_group_rule.master_ingress_master_lb_8080": {
                    "type": "aws_security_group_rule",
                    "depends_on": [
                        "aws_security_group.master",
                        "aws_security_group.master_lb"
                    ],
                    "primary": {
                        "id": "sgrule-390327580",
                        "attributes": {
                            "cidr_blocks.#": "0",
                            "from_port": "8080",
                            "id": "sgrule-390327580",
                            "prefix_list_ids.#": "0",
                            "protocol": "tcp",
                            "security_group_id": "sg-33423d4e",
                            "self": "false",
                            "source_security_group_id": "sg-30423d4d",
                            "to_port": "8080",
                            "type": "ingress"
                        },
                        "meta": {
                            "schema_version": "2"
                        },
                        "tainted": false
                    },
                    "deposed": [],
                    "provider": ""
                },
                "aws_security_group_rule.master_ingress_master_lb_8081": {
                    "type": "aws_security_group_rule",
                    "depends_on": [
                        "aws_security_group.master",
                        "aws_security_group.master_lb"
                    ],
                    "primary": {
                        "id": "sgrule-2283140087",
                        "attributes": {
                            "cidr_blocks.#": "0",
                            "from_port": "8081",
                            "id": "sgrule-2283140087",
                            "prefix_list_ids.#": "0",
                            "protocol": "tcp",
                            "security_group_id": "sg-33423d4e",
                            "self": "false",
                            "source_security_group_id": "sg-30423d4d",
                            "to_port": "8081",
                            "type": "ingress"
                        },
                        "meta": {
                            "schema_version": "2"
                        },
                        "tainted": false
                    },
                    "deposed": [],
                    "provider": ""
                },
                "aws_security_group_rule.master_ingress_public_slave": {
                    "type": "aws_security_group_rule",
                    "depends_on": [
                        "aws_security_group.master",
                        "aws_security_group.public_slave"
                    ],
                    "primary": {
                        "id": "sgrule-2712935149",
                        "attributes": {
                            "cidr_blocks.#": "0",
                            "from_port": "0",
                            "id": "sgrule-2712935149",
                            "prefix_list_ids.#": "0",
                            "protocol": "-1",
                            "security_group_id": "sg-33423d4e",
                            "self": "false",
                            "source_security_group_id": "sg-31423d4c",
                            "to_port": "65535",
                            "type": "ingress"
                        },
                        "meta": {
                            "schema_version": "2"
                        },
                        "tainted": false
                    },
                    "deposed": [],
                    "provider": ""
                },
                "aws_security_group_rule.master_ingress_slave": {
                    "type": "aws_security_group_rule",
                    "depends_on": [
                        "aws_security_group.master",
                        "aws_security_group.slave"
                    ],
                    "primary": {
                        "id": "sgrule-3509237513",
                        "attributes": {
                            "cidr_blocks.#": "0",
                            "from_port": "0",
                            "id": "sgrule-3509237513",
                            "prefix_list_ids.#": "0",
                            "protocol": "-1",
                            "security_group_id": "sg-33423d4e",
                            "self": "false",
                            "source_security_group_id": "sg-37423d4a",
                            "to_port": "65535",
                            "type": "ingress"
                        },
                        "meta": {
                            "schema_version": "2"
                        },
                        "tainted": false
                    },
                    "deposed": [],
                    "provider": ""
                },
                "aws_security_group_rule.master_lb_egress_all": {
                    "type": "aws_security_group_rule",
                    "depends_on": [
                        "aws_security_group.master_lb"
                    ],
                    "primary": {
                        "id": "sgrule-1998234767",
                        "attributes": {
                            "cidr_blocks.#": "1",
                            "cidr_blocks.0": "0.0.0.0/0",
                            "from_port": "0",
                            "id": "sgrule-1998234767",
                            "prefix_list_ids.#": "0",
                            "protocol": "-1",
                            "security_group_id": "sg-30423d4d",
                            "self": "false",
                            "to_port": "65535",
                            "type": "egress"
                        },
                        "meta": {
                            "schema_version": "2"
                        },
                        "tainted": false
                    },
                    "deposed": [],
                    "provider": ""
                },
                "aws_security_group_rule.master_lb_ingress_slave_2181": {
                    "type": "aws_security_group_rule",
                    "depends_on": [
                        "aws_security_group.master_lb",
                        "aws_security_group.slave"
                    ],
                    "primary": {
                        "id": "sgrule-708937744",
                        "attributes": {
                            "cidr_blocks.#": "0",
                            "from_port": "2181",
                            "id": "sgrule-708937744",
                            "prefix_list_ids.#": "0",
                            "protocol": "tcp",
                            "security_group_id": "sg-30423d4d",
                            "self": "false",
                            "source_security_group_id": "sg-37423d4a",
                            "to_port": "2181",
                            "type": "ingress"
                        },
                        "meta": {
                            "schema_version": "2"
                        },
                        "tainted": false
                    },
                    "deposed": [],
                    "provider": ""
                },
                "aws_security_group_rule.public_slave_egress_all": {
                    "type": "aws_security_group_rule",
                    "depends_on": [
                        "aws_security_group.public_slave"
                    ],
                    "primary": {
                        "id": "sgrule-1469122282",
                        "attributes": {
                            "cidr_blocks.#": "1",
                            "cidr_blocks.0": "0.0.0.0/0",
                            "from_port": "0",
                            "id": "sgrule-1469122282",
                            "prefix_list_ids.#": "0",
                            "protocol": "-1",
                            "security_group_id": "sg-31423d4c",
                            "self": "false",
                            "to_port": "65535",
                            "type": "egress"
                        },
                        "meta": {
                            "schema_version": "2"
                        },
                        "tainted": false
                    },
                    "deposed": [],
                    "provider": ""
                },
                "aws_security_group_rule.public_slave_ingress_0_21_tcp": {
                    "type": "aws_security_group_rule",
                    "depends_on": [
                        "aws_security_group.public_slave"
                    ],
                    "primary": {
                        "id": "sgrule-2813656774",
                        "attributes": {
                            "cidr_blocks.#": "1",
                            "cidr_blocks.0": "0.0.0.0/0",
                            "from_port": "0",
                            "id": "sgrule-2813656774",
                            "prefix_list_ids.#": "0",
                            "protocol": "tcp",
                            "security_group_id": "sg-31423d4c",
                            "self": "false",
                            "to_port": "21",
                            "type": "ingress"
                        },
                        "meta": {
                            "schema_version": "2"
                        },
                        "tainted": false
                    },
                    "deposed": [],
                    "provider": ""
                },
                "aws_security_group_rule.public_slave_ingress_0_21_udp": {
                    "type": "aws_security_group_rule",
                    "depends_on": [
                        "aws_security_group.public_slave"
                    ],
                    "primary": {
                        "id": "sgrule-3648724062",
                        "attributes": {
                            "cidr_blocks.#": "1",
                            "cidr_blocks.0": "0.0.0.0/0",
                            "from_port": "0",
                            "id": "sgrule-3648724062",
                            "prefix_list_ids.#": "0",
                            "protocol": "udp",
                            "security_group_id": "sg-31423d4c",
                            "self": "false",
                            "to_port": "21",
                            "type": "ingress"
                        },
                        "meta": {
                            "schema_version": "2"
                        },
                        "tainted": false
                    },
                    "deposed": [],
                    "provider": ""
                },
                "aws_security_group_rule.public_slave_ingress_23_5050_udp": {
                    "type": "aws_security_group_rule",
                    "depends_on": [
                        "aws_security_group.public_slave"
                    ],
                    "primary": {
                        "id": "sgrule-357669083",
                        "attributes": {
                            "cidr_blocks.#": "1",
                            "cidr_blocks.0": "0.0.0.0/0",
                            "from_port": "23",
                            "id": "sgrule-357669083",
                            "prefix_list_ids.#": "0",
                            "protocol": "udp",
                            "security_group_id": "sg-31423d4c",
                            "self": "false",
                            "to_port": "5050",
                            "type": "ingress"
                        },
                        "meta": {
                            "schema_version": "2"
                        },
                        "tainted": false
                    },
                    "deposed": [],
                    "provider": ""
                },
                "aws_security_group_rule.public_slave_ingress_5052_65535_udp": {
                    "type": "aws_security_group_rule",
                    "depends_on": [
                        "aws_security_group.public_slave"
                    ],
                    "primary": {
                        "id": "sgrule-25402212",
                        "attributes": {
                            "cidr_blocks.#": "1",
                            "cidr_blocks.0": "0.0.0.0/0",
                            "from_port": "5052",
                            "id": "sgrule-25402212",
                            "prefix_list_ids.#": "0",
                            "protocol": "udp",
                            "security_group_id": "sg-31423d4c",
                            "self": "false",
                            "to_port": "65535",
                            "type": "ingress"
                        },
                        "meta": {
                            "schema_version": "2"
                        },
                        "tainted": false
                    },
                    "deposed": [],
                    "provider": ""
                },
                "aws_security_group_rule.public_slave_ingress_master": {
                    "type": "aws_security_group_rule",
                    "depends_on": [
                        "aws_security_group.master",
                        "aws_security_group.public_slave"
                    ],
                    "primary": {
                        "id": "sgrule-48276579",
                        "attributes": {
                            "cidr_blocks.#": "0",
                            "from_port": "0",
                            "id": "sgrule-48276579",
                            "prefix_list_ids.#": "0",
                            "protocol": "-1",
                            "security_group_id": "sg-31423d4c",
                            "self": "false",
                            "source_security_group_id": "sg-33423d4e",
                            "to_port": "65535",
                            "type": "ingress"
                        },
                        "meta": {
                            "schema_version": "2"
                        },
                        "tainted": false
                    },
                    "deposed": [],
                    "provider": ""
                },
                "aws_security_group_rule.public_slave_ingress_public_slave": {
                    "type": "aws_security_group_rule",
                    "depends_on": [
                        "aws_security_group.public_slave"
                    ],
                    "primary": {
                        "id": "sgrule-681308247",
                        "attributes": {
                            "cidr_blocks.#": "0",
                            "from_port": "0",
                            "id": "sgrule-681308247",
                            "prefix_list_ids.#": "0",
                            "protocol": "-1",
                            "security_group_id": "sg-31423d4c",
                            "self": "true",
                            "source_security_group_id": "sg-31423d4c",
                            "to_port": "65535",
                            "type": "ingress"
                        },
                        "meta": {
                            "schema_version": "2"
                        },
                        "tainted": false
                    },
                    "deposed": [],
                    "provider": ""
                },
                "aws_security_group_rule.public_slave_ingress_slave": {
                    "type": "aws_security_group_rule",
                    "depends_on": [
                        "aws_security_group.public_slave",
                        "aws_security_group.slave"
                    ],
                    "primary": {
                        "id": "sgrule-1476746675",
                        "attributes": {
                            "cidr_blocks.#": "0",
                            "from_port": "0",
                            "id": "sgrule-1476746675",
                            "prefix_list_ids.#": "0",
                            "protocol": "-1",
                            "security_group_id": "sg-31423d4c",
                            "self": "false",
                            "source_security_group_id": "sg-37423d4a",
                            "to_port": "65535",
                            "type": "ingress"
                        },
                        "meta": {
                            "schema_version": "2"
                        },
                        "tainted": false
                    },
                    "deposed": [],
                    "provider": ""
                },
                "aws_security_group_rule.slave_egress_all": {
                    "type": "aws_security_group_rule",
                    "depends_on": [
                        "aws_security_group.slave"
                    ],
                    "primary": {
                        "id": "sgrule-2415336036",
                        "attributes": {
                            "cidr_blocks.#": "1",
                            "cidr_blocks.0": "0.0.0.0/0",
                            "from_port": "0",
                            "id": "sgrule-2415336036",
                            "prefix_list_ids.#": "0",
                            "protocol": "-1",
                            "security_group_id": "sg-37423d4a",
                            "self": "false",
                            "to_port": "65535",
                            "type": "egress"
                        },
                        "meta": {
                            "schema_version": "2"
                        },
                        "tainted": false
                    },
                    "deposed": [],
                    "provider": ""
                },
                "aws_security_group_rule.slave_ingress_master": {
                    "type": "aws_security_group_rule",
                    "depends_on": [
                        "aws_security_group.master",
                        "aws_security_group.slave"
                    ],
                    "primary": {
                        "id": "sgrule-2717231544",
                        "attributes": {
                            "cidr_blocks.#": "0",
                            "from_port": "0",
                            "id": "sgrule-2717231544",
                            "prefix_list_ids.#": "0",
                            "protocol": "-1",
                            "security_group_id": "sg-37423d4a",
                            "self": "false",
                            "source_security_group_id": "sg-33423d4e",
                            "to_port": "65535",
                            "type": "ingress"
                        },
                        "meta": {
                            "schema_version": "2"
                        },
                        "tainted": false
                    },
                    "deposed": [],
                    "provider": ""
                },
                "aws_security_group_rule.slave_ingress_public_slave": {
                    "type": "aws_security_group_rule",
                    "depends_on": [
                        "aws_security_group.public_slave",
                        "aws_security_group.slave"
                    ],
                    "primary": {
                        "id": "sgrule-2341404044",
                        "attributes": {
                            "cidr_blocks.#": "0",
                            "from_port": "0",
                            "id": "sgrule-2341404044",
                            "prefix_list_ids.#": "0",
                            "protocol": "-1",
                            "security_group_id": "sg-37423d4a",
                            "self": "false",
                            "source_security_group_id": "sg-31423d4c",
                            "to_port": "65535",
                            "type": "ingress"
                        },
                        "meta": {
                            "schema_version": "2"
                        },
                        "tainted": false
                    },
                    "deposed": [],
                    "provider": ""
                },
                "aws_security_group_rule.slave_ingress_slave": {
                    "type": "aws_security_group_rule",
                    "depends_on": [
                        "aws_security_group.slave"
                    ],
                    "primary": {
                        "id": "sgrule-4212150376",
                        "attributes": {
                            "cidr_blocks.#": "0",
                            "from_port": "0",
                            "id": "sgrule-4212150376",
                            "prefix_list_ids.#": "0",
                            "protocol": "-1",
                            "security_group_id": "sg-37423d4a",
                            "self": "true",
                            "source_security_group_id": "sg-37423d4a",
                            "to_port": "65535",
                            "type": "ingress"
                        },
                        "meta": {
                            "schema_version": "2"
                        },
                        "tainted": false
                    },
                    "deposed": [],
                    "provider": ""
                },
                "data.template_file.master_user_data": {
                    "type": "template_file",
                    "depends_on": [],
                    "primary": {
                        "id": "a2c35a6f999f52bc45e5bba212df027f153653ee6c6746006879526642a9918e",
                        "attributes": {
                            "id": "a2c35a6f999f52bc45e5bba212df027f153653ee6c6746006879526642a9918e",
                            "rendered": "#cloud-config\n#\n# dcos-download.service - wget dcos_install http://dcos-bootstrap-1-8-6.us-east-1-vpc.splat.ooyala.com:443\n# dcos-setup.service - dcos_install \u003cTYPE\u003e\n# dcos-config-init.service - init.sh \u003cTYPE\u003e https://s3.amazonaws.com/ooyala-dcos/public/ooyala_dcos_init.sh chef-like management. FIXME: another idea is to use a privilege configuration container.\n#\n# ooyala-dcos-registry.service\n#\n\"coreos\":\n  \"units\":\n  - command: start\n    content: |\n      [Unit]\n      After=dcos.target docker.service\n      Description=Run dcos config init\n      [Service]\n      Type=oneshot\n      RemainAfterExit=yes\n      ExecStart=/bin/bash -c \"curl -L --retry 3 https://s3.amazonaws.com/ooyala-dcos/public/ooyala_dcos_init.sh | bash\"\n    name: dcos-config-init.service\n\n  - name: ooyala-dcos-registry.service\n    command: start\n    content: |\n      [Unit]\n      Description=Ooyala DCOS registry\n      After=docker.service\n      ConditionPathExists=/opt/ooyala/registry/config.yml\n      [Service]\n      User=core\n      ExecStartPre=-/usr/bin/docker kill ooyala_registry\n      ExecStartPre=-/usr/bin/docker rm ooyala_registry\n      ExecStart=/usr/bin/docker run -v \"/opt/ooyala/registry/config.yml:/etc/docker/registry/config.yml\" -p 5000:5000 --name ooyala_registry registry:2\n      ExecStop=-/usr/bin/docker stop -t 5 ooyala_registry\n      Restart=on-failure\n      RestartSec=60\n      [Install]\n      WantedBy=multi-user.target\n\n  - name: dcos-download.service\n    command: start\n    content: |\n      [Unit]\n      Description=Download and extract dcos bootstrap\n      After=network-online.target\n      Wants=network-online.target\n      ConditionPathExists=!/opt/mesosphere/\n      ConditionPathExists=!/opt/dcos_setup/\n      [Service]\n      Type=oneshot\n      StandardOutput=journal+console\n      StandardError=journal+console\n      RemainAfterExit=yes\n      ExecStartPre=/usr/bin/mkdir -p /opt/dcos_setup/\n      ExecStart=/usr/bin/curl --keepalive-time 2 -fLsSv --retry 20 -Y 100000 -y 60 -o /opt/dcos_setup/dcos_install.sh http://dcos-bootstrap-1-8-6.us-east-1-vpc.splat.ooyala.com:443/dcos_install.sh\n\n  - name: dcos-master-setup.service\n    command: start\n    content: |\n      [Unit]\n      Description=Download and extract dcos bootstrap\n      After=dcos-download.service\n      Wants=dcos-download.service\n      ConditionPathExists=!/opt/mesosphere/\n      ConditionPathExists=/opt/dcos_setup/dcos_install.sh\n      [Service]\n      Type=oneshot\n      StandardOutput=journal+console\n      StandardError=journal+console\n      RemainAfterExit=yes\n      ExecStart=/usr/bin/bash -c \"/opt/dcos_setup/dcos_install.sh master\"\n\n  - \"command\": |-\n      start\n    \"content\": |\n      [Unit]\n      Description=AWS Setup: Formats the /var/lib ephemeral drive\n      Before=var-lib.mount dbus.service\n      [Service]\n      Type=oneshot\n      RemainAfterExit=yes\n      ExecStart=/bin/bash -c \"(blkid -t TYPE=ext4 | grep xvdb) || (/usr/sbin/mkfs.ext4 -F /dev/xvdb)\"\n    \"name\": |-\n      format-var-lib-ephemeral.service\n  - \"command\": |-\n      start\n    \"content\": |\n      [Unit]\n      Description=AWS Setup: Mount /var/lib\n      Before=dbus.service\n      [Mount]\n      What=/dev/xvdb\n      Where=/var/lib\n      Type=ext4\n    \"name\": |-\n      var-lib.mount\n  - \"command\": |-\n      stop\n    \"mask\": !!bool |-\n      true\n    \"name\": |-\n      etcd.service\n  - \"command\": |-\n      stop\n    \"mask\": !!bool |-\n      true\n    \"name\": |-\n      update-engine.service\n  - \"command\": |-\n      stop\n    \"mask\": !!bool |-\n      true\n    \"name\": |-\n      locksmithd.service\n  - \"command\": |-\n      stop\n    \"name\": |-\n      systemd-resolved.service\n  - \"command\": |-\n      restart\n    \"name\": |-\n      systemd-journald.service\n  - \"command\": |-\n      restart\n    \"name\": |-\n      docker.service\n  - \"command\": |-\n      start\n    \"content\": |\n      [Unit]\n      Before=dcos.target\n      [Service]\n      Type=oneshot\n      StandardOutput=journal+console\n      StandardError=journal+console\n      ExecStartPre=/usr/bin/mkdir -p /etc/profile.d\n      ExecStart=/usr/bin/ln -sf /opt/mesosphere/environment.export /etc/profile.d/dcos.sh\n    \"name\": |-\n      dcos-link-env.service\n\n  - \"command\": |-\n      start\n    \"content\": |-\n      [Unit]\n      Description=AWS Setup: Signal CloudFormation Success\n      ConditionPathExists=!/var/lib/dcos-cfn-signal\n      [Service]\n      Type=simple\n      Restart=on-failure\n      StartLimitInterval=0\n      RestartSec=15s\n      EnvironmentFile=/opt/mesosphere/environment\n      EnvironmentFile=/opt/mesosphere/etc/cfn_signal_metadata\n      Environment=\"AWS_CFN_SIGNAL_THIS_RESOURCE=MasterServerGroup\"\n      ExecStartPre=/bin/ping -c1 leader.mesos\n      ExecStartPre=/opt/mesosphere/bin/cfn-signal\n      ExecStart=/usr/bin/touch /var/lib/dcos-cfn-signal\n    \"name\": |-\n      dcos-cfn-signal.service\n    \"no_block\": !!bool |-\n      true\n\n  \"update\":\n    \"reboot-strategy\": |-\n      off\n\"write_files\":\n- path: \"/opt/ooyala/registry/config.yml\"\n  content: |\n    version: 0.1\n    log:\n      fields:\n        service: registry\n    storage:\n      cache:\n        blobdescriptor: inmemory\n      s3:\n        region: us-east-1\n        bucket: ooyala-dcos\n        rootdirectory: /data/docker-registry\n    http:\n      addr: :5000\n      headers:\n        X-Content-Type-Options: [nosniff]\n    health:\n      storagedriver:\n        enabled: true\n        interval: 10s\n        threshold: 3\n\n- \"content\": |\n    rexray:\n      loglevel: info\n      modules:\n        default-admin:\n          host: tcp://127.0.0.1:61003\n      storageDrivers:\n      - ec2\n      volume:\n        unmount:\n          ignoreusedcount: true\n  \"path\": |-\n    /etc/rexray/config.yml\n  \"permissions\": |-\n    0644\n",
                            "template": "#cloud-config\n#\n# dcos-download.service - wget dcos_install ${dcos_bootstrap_url}\n# dcos-setup.service - dcos_install \u003cTYPE\u003e\n# dcos-config-init.service - init.sh \u003cTYPE\u003e ${dcos_configuration_init_url} chef-like management. FIXME: another idea is to use a privilege configuration container.\n#\n# ooyala-dcos-registry.service\n#\n\"coreos\":\n  \"units\":\n  - command: start\n    content: |\n      [Unit]\n      After=dcos.target docker.service\n      Description=Run dcos config init\n      [Service]\n      Type=oneshot\n      RemainAfterExit=yes\n      ExecStart=/bin/bash -c \"curl -L --retry 3 ${dcos_configuration_init_url} | bash\"\n    name: dcos-config-init.service\n\n  - name: ooyala-dcos-registry.service\n    command: start\n    content: |\n      [Unit]\n      Description=Ooyala DCOS registry\n      After=docker.service\n      ConditionPathExists=/opt/ooyala/registry/config.yml\n      [Service]\n      User=core\n      ExecStartPre=-/usr/bin/docker kill ooyala_registry\n      ExecStartPre=-/usr/bin/docker rm ooyala_registry\n      ExecStart=/usr/bin/docker run -v \"/opt/ooyala/registry/config.yml:/etc/docker/registry/config.yml\" -p 5000:5000 --name ooyala_registry ${dcos_master_registry_image}\n      ExecStop=-/usr/bin/docker stop -t 5 ooyala_registry\n      Restart=on-failure\n      RestartSec=60\n      [Install]\n      WantedBy=multi-user.target\n\n  - name: dcos-download.service\n    command: start\n    content: |\n      [Unit]\n      Description=Download and extract dcos bootstrap\n      After=network-online.target\n      Wants=network-online.target\n      ConditionPathExists=!/opt/mesosphere/\n      ConditionPathExists=!/opt/dcos_setup/\n      [Service]\n      Type=oneshot\n      StandardOutput=journal+console\n      StandardError=journal+console\n      RemainAfterExit=yes\n      ExecStartPre=/usr/bin/mkdir -p /opt/dcos_setup/\n      ExecStart=/usr/bin/curl --keepalive-time 2 -fLsSv --retry 20 -Y 100000 -y 60 -o /opt/dcos_setup/dcos_install.sh ${dcos_bootstrap_url}/dcos_install.sh\n\n  - name: dcos-master-setup.service\n    command: start\n    content: |\n      [Unit]\n      Description=Download and extract dcos bootstrap\n      After=dcos-download.service\n      Wants=dcos-download.service\n      ConditionPathExists=!/opt/mesosphere/\n      ConditionPathExists=/opt/dcos_setup/dcos_install.sh\n      [Service]\n      Type=oneshot\n      StandardOutput=journal+console\n      StandardError=journal+console\n      RemainAfterExit=yes\n      ExecStart=/usr/bin/bash -c \"/opt/dcos_setup/dcos_install.sh master\"\n\n  - \"command\": |-\n      start\n    \"content\": |\n      [Unit]\n      Description=AWS Setup: Formats the /var/lib ephemeral drive\n      Before=var-lib.mount dbus.service\n      [Service]\n      Type=oneshot\n      RemainAfterExit=yes\n      ExecStart=/bin/bash -c \"(blkid -t TYPE=ext4 | grep xvdb) || (/usr/sbin/mkfs.ext4 -F /dev/xvdb)\"\n    \"name\": |-\n      format-var-lib-ephemeral.service\n  - \"command\": |-\n      start\n    \"content\": |\n      [Unit]\n      Description=AWS Setup: Mount /var/lib\n      Before=dbus.service\n      [Mount]\n      What=/dev/xvdb\n      Where=/var/lib\n      Type=ext4\n    \"name\": |-\n      var-lib.mount\n  - \"command\": |-\n      stop\n    \"mask\": !!bool |-\n      true\n    \"name\": |-\n      etcd.service\n  - \"command\": |-\n      stop\n    \"mask\": !!bool |-\n      true\n    \"name\": |-\n      update-engine.service\n  - \"command\": |-\n      stop\n    \"mask\": !!bool |-\n      true\n    \"name\": |-\n      locksmithd.service\n  - \"command\": |-\n      stop\n    \"name\": |-\n      systemd-resolved.service\n  - \"command\": |-\n      restart\n    \"name\": |-\n      systemd-journald.service\n  - \"command\": |-\n      restart\n    \"name\": |-\n      docker.service\n  - \"command\": |-\n      start\n    \"content\": |\n      [Unit]\n      Before=dcos.target\n      [Service]\n      Type=oneshot\n      StandardOutput=journal+console\n      StandardError=journal+console\n      ExecStartPre=/usr/bin/mkdir -p /etc/profile.d\n      ExecStart=/usr/bin/ln -sf /opt/mesosphere/environment.export /etc/profile.d/dcos.sh\n    \"name\": |-\n      dcos-link-env.service\n\n  - \"command\": |-\n      start\n    \"content\": |-\n      [Unit]\n      Description=AWS Setup: Signal CloudFormation Success\n      ConditionPathExists=!/var/lib/dcos-cfn-signal\n      [Service]\n      Type=simple\n      Restart=on-failure\n      StartLimitInterval=0\n      RestartSec=15s\n      EnvironmentFile=/opt/mesosphere/environment\n      EnvironmentFile=/opt/mesosphere/etc/cfn_signal_metadata\n      Environment=\"AWS_CFN_SIGNAL_THIS_RESOURCE=MasterServerGroup\"\n      ExecStartPre=/bin/ping -c1 leader.mesos\n      ExecStartPre=/opt/mesosphere/bin/cfn-signal\n      ExecStart=/usr/bin/touch /var/lib/dcos-cfn-signal\n    \"name\": |-\n      dcos-cfn-signal.service\n    \"no_block\": !!bool |-\n      true\n\n  \"update\":\n    \"reboot-strategy\": |-\n      off\n\"write_files\":\n- path: \"/opt/ooyala/registry/config.yml\"\n  content: |\n    version: 0.1\n    log:\n      fields:\n        service: registry\n    storage:\n      cache:\n        blobdescriptor: inmemory\n      s3:\n        region: us-east-1\n        bucket: ooyala-dcos\n        rootdirectory: /data/docker-registry\n    http:\n      addr: :5000\n      headers:\n        X-Content-Type-Options: [nosniff]\n    health:\n      storagedriver:\n        enabled: true\n        interval: 10s\n        threshold: 3\n\n- \"content\": |\n    rexray:\n      loglevel: info\n      modules:\n        default-admin:\n          host: tcp://127.0.0.1:61003\n      storageDrivers:\n      - ec2\n      volume:\n        unmount:\n          ignoreusedcount: true\n  \"path\": |-\n    /etc/rexray/config.yml\n  \"permissions\": |-\n    0644\n",
                            "vars.%": "4",
                            "vars.dcos_base_download_url": "https://downloads.dcos.io/dcos/stable",
                            "vars.dcos_bootstrap_url": "http://dcos-bootstrap-1-8-6.us-east-1-vpc.splat.ooyala.com:443",
                            "vars.dcos_configuration_init_url": "https://s3.amazonaws.com/ooyala-dcos/public/ooyala_dcos_init.sh",
                            "vars.dcos_master_registry_image": "registry:2"
                        },
                        "meta": {},
                        "tainted": false
                    },
                    "deposed": [],
                    "provider": ""
                },
                "data.template_file.public_slave_user_data": {
                    "type": "template_file",
                    "depends_on": [],
                    "primary": {
                        "id": "db2d0c1d46b8323d5a92cf50d7da26915028afe3c7dc8ac79965cbf721baa0a6",
                        "attributes": {
                            "id": "db2d0c1d46b8323d5a92cf50d7da26915028afe3c7dc8ac79965cbf721baa0a6",
                            "rendered": "#cloud-config\n#\n# dcos-download.service - wget dcos_install http://dcos-bootstrap-1-8-6.us-east-1-vpc.splat.ooyala.com:443\n# dcos-setup.service - dcos_install \u003cTYPE\u003e\n# dcos-config-init.service - init.sh \u003cTYPE\u003e https://s3.amazonaws.com/ooyala-dcos/public/ooyala_dcos_init.sh chef-like management. FIXME: another idea is to use a privilege configuration container.\n#\n\"coreos\":\n  \"units\":\n  - command: start\n    content: |\n      [Unit]\n      After=dcos.target docker.service\n      Description=Run dcos config init\n      [Service]\n      Type=oneshot\n      RemainAfterExit=yes\n      ExecStart=/bin/bash -c \"curl -L --retry 3 https://s3.amazonaws.com/ooyala-dcos/public/ooyala_dcos_init.sh | bash\"\n    name: dcos-config-init.service\n\n  - name: docker.service\n    drop-ins:\n      - name: 50-insecure-registry.conf\n        content: |\n          [Service]\n          #Environment='DOCKER_OPTS=--insecure-registry=\"leader.mesos:5000\"'\n          Environment='DOCKER_OPTS=--insecure-registry=\"10.0.0.0/16\" --insecure-registry=\"leader.mesos:5000\"'\n\n  - name: dcos-download.service\n    command: start\n    content: |\n      [Unit]\n      Description=Download and extract dcos bootstrap\n      After=network-online.target\n      Wants=network-online.target\n      ConditionPathExists=!/opt/mesosphere/\n      ConditionPathExists=!/opt/dcos_setup/\n      [Service]\n      Type=oneshot\n      StandardOutput=journal+console\n      StandardError=journal+console\n      RemainAfterExit=yes\n      ExecStartPre=/usr/bin/mkdir -p /opt/dcos_setup/\n      ExecStart=/usr/bin/curl --keepalive-time 2 -fLsSv --retry 20 -Y 100000 -y 60 -o /opt/dcos_setup/dcos_install.sh http://dcos-bootstrap-1-8-6.us-east-1-vpc.splat.ooyala.com:443/dcos_install.sh\n\n  - name: dcos-public-slave-setup.service\n    command: start\n    content: |\n      [Unit]\n      Description=Download and extract dcos bootstrap\n      After=dcos-download.service\n      Wants=dcos-download.service\n      ConditionPathExists=!/opt/mesosphere/\n      ConditionPathExists=/opt/dcos_setup/dcos_install.sh\n      [Service]\n      Type=oneshot\n      StandardOutput=journal+console\n      StandardError=journal+console\n      RemainAfterExit=yes\n      ExecStart=/usr/bin/bash -c \"/opt/dcos_setup/dcos_install.sh slave_public\"\n\n  - \"command\": |-\n      start\n    \"content\": |\n      [Unit]\n      Description=AWS Setup: Formats the /var/lib ephemeral drive\n      Before=var-lib.mount dbus.service\n      [Service]\n      Type=oneshot\n      RemainAfterExit=yes\n      ExecStart=/bin/bash -c \"(blkid -t TYPE=ext4 | grep xvdb) || (/usr/sbin/mkfs.ext4 -F /dev/xvdb)\"\n    \"name\": |-\n      format-var-lib-ephemeral.service\n  - \"command\": |-\n      start\n    \"content\": |\n      [Unit]\n      Description=AWS Setup: Mount /var/lib\n      Before=dbus.service\n      [Mount]\n      What=/dev/xvdb\n      Where=/var/lib\n      Type=ext4\n    \"name\": |-\n      var-lib.mount\n  - \"command\": |-\n      stop\n    \"mask\": !!bool |-\n      true\n    \"name\": |-\n      etcd.service\n  - \"command\": |-\n      stop\n    \"mask\": !!bool |-\n      true\n    \"name\": |-\n      update-engine.service\n  - \"command\": |-\n      stop\n    \"mask\": !!bool |-\n      true\n    \"name\": |-\n      locksmithd.service\n  - \"command\": |-\n      stop\n    \"name\": |-\n      systemd-resolved.service\n  - \"command\": |-\n      restart\n    \"name\": |-\n      systemd-journald.service\n  - \"command\": |-\n      restart\n    \"name\": |-\n      docker.service\n  - \"command\": |-\n      start\n    \"content\": |\n      [Unit]\n      Before=dcos.target\n      [Service]\n      Type=oneshot\n      StandardOutput=journal+console\n      StandardError=journal+console\n      ExecStartPre=/usr/bin/mkdir -p /etc/profile.d\n      ExecStart=/usr/bin/ln -sf /opt/mesosphere/environment.export /etc/profile.d/dcos.sh\n    \"name\": |-\n      dcos-link-env.service\n  - \"command\": |-\n      start\n    \"content\": |-\n      [Unit]\n      Description=AWS Setup: Signal CloudFormation Success\n      ConditionPathExists=!/var/lib/dcos-cfn-signal\n      [Service]\n      Type=simple\n      Restart=on-failure\n      StartLimitInterval=0\n      RestartSec=15s\n      EnvironmentFile=/opt/mesosphere/environment\n      EnvironmentFile=/opt/mesosphere/etc/cfn_signal_metadata\n      Environment=\"AWS_CFN_SIGNAL_THIS_RESOURCE=SlaveServerGroup\"\n      ExecStartPre=/bin/ping -c1 leader.mesos\n      ExecStartPre=/opt/mesosphere/bin/cfn-signal\n      ExecStart=/usr/bin/touch /var/lib/dcos-cfn-signal\n    \"name\": |-\n      dcos-cfn-signal.service\n    \"no_block\": !!bool |-\n      true\n  \"update\":\n    \"reboot-strategy\": |-\n      off\n\"write_files\":\n- \"content\": |\n    rexray:\n      loglevel: info\n      modules:\n        default-admin:\n          host: tcp://127.0.0.1:61003\n      storageDrivers:\n      - ec2\n      volume:\n        unmount:\n          ignoreusedcount: true\n  \"path\": |-\n    /etc/rexray/config.yml\n  \"permissions\": |-\n    0644\n",
                            "template": "#cloud-config\n#\n# dcos-download.service - wget dcos_install ${dcos_bootstrap_url}\n# dcos-setup.service - dcos_install \u003cTYPE\u003e\n# dcos-config-init.service - init.sh \u003cTYPE\u003e ${dcos_configuration_init_url} chef-like management. FIXME: another idea is to use a privilege configuration container.\n#\n\"coreos\":\n  \"units\":\n  - command: start\n    content: |\n      [Unit]\n      After=dcos.target docker.service\n      Description=Run dcos config init\n      [Service]\n      Type=oneshot\n      RemainAfterExit=yes\n      ExecStart=/bin/bash -c \"curl -L --retry 3 ${dcos_configuration_init_url} | bash\"\n    name: dcos-config-init.service\n\n  - name: docker.service\n    drop-ins:\n      - name: 50-insecure-registry.conf\n        content: |\n          [Service]\n          #Environment='DOCKER_OPTS=--insecure-registry=\"leader.mesos:5000\"'\n          Environment='DOCKER_OPTS=--insecure-registry=\"10.0.0.0/16\" --insecure-registry=\"leader.mesos:5000\"'\n\n  - name: dcos-download.service\n    command: start\n    content: |\n      [Unit]\n      Description=Download and extract dcos bootstrap\n      After=network-online.target\n      Wants=network-online.target\n      ConditionPathExists=!/opt/mesosphere/\n      ConditionPathExists=!/opt/dcos_setup/\n      [Service]\n      Type=oneshot\n      StandardOutput=journal+console\n      StandardError=journal+console\n      RemainAfterExit=yes\n      ExecStartPre=/usr/bin/mkdir -p /opt/dcos_setup/\n      ExecStart=/usr/bin/curl --keepalive-time 2 -fLsSv --retry 20 -Y 100000 -y 60 -o /opt/dcos_setup/dcos_install.sh ${dcos_bootstrap_url}/dcos_install.sh\n\n  - name: dcos-public-slave-setup.service\n    command: start\n    content: |\n      [Unit]\n      Description=Download and extract dcos bootstrap\n      After=dcos-download.service\n      Wants=dcos-download.service\n      ConditionPathExists=!/opt/mesosphere/\n      ConditionPathExists=/opt/dcos_setup/dcos_install.sh\n      [Service]\n      Type=oneshot\n      StandardOutput=journal+console\n      StandardError=journal+console\n      RemainAfterExit=yes\n      ExecStart=/usr/bin/bash -c \"/opt/dcos_setup/dcos_install.sh slave_public\"\n\n  - \"command\": |-\n      start\n    \"content\": |\n      [Unit]\n      Description=AWS Setup: Formats the /var/lib ephemeral drive\n      Before=var-lib.mount dbus.service\n      [Service]\n      Type=oneshot\n      RemainAfterExit=yes\n      ExecStart=/bin/bash -c \"(blkid -t TYPE=ext4 | grep xvdb) || (/usr/sbin/mkfs.ext4 -F /dev/xvdb)\"\n    \"name\": |-\n      format-var-lib-ephemeral.service\n  - \"command\": |-\n      start\n    \"content\": |\n      [Unit]\n      Description=AWS Setup: Mount /var/lib\n      Before=dbus.service\n      [Mount]\n      What=/dev/xvdb\n      Where=/var/lib\n      Type=ext4\n    \"name\": |-\n      var-lib.mount\n  - \"command\": |-\n      stop\n    \"mask\": !!bool |-\n      true\n    \"name\": |-\n      etcd.service\n  - \"command\": |-\n      stop\n    \"mask\": !!bool |-\n      true\n    \"name\": |-\n      update-engine.service\n  - \"command\": |-\n      stop\n    \"mask\": !!bool |-\n      true\n    \"name\": |-\n      locksmithd.service\n  - \"command\": |-\n      stop\n    \"name\": |-\n      systemd-resolved.service\n  - \"command\": |-\n      restart\n    \"name\": |-\n      systemd-journald.service\n  - \"command\": |-\n      restart\n    \"name\": |-\n      docker.service\n  - \"command\": |-\n      start\n    \"content\": |\n      [Unit]\n      Before=dcos.target\n      [Service]\n      Type=oneshot\n      StandardOutput=journal+console\n      StandardError=journal+console\n      ExecStartPre=/usr/bin/mkdir -p /etc/profile.d\n      ExecStart=/usr/bin/ln -sf /opt/mesosphere/environment.export /etc/profile.d/dcos.sh\n    \"name\": |-\n      dcos-link-env.service\n  - \"command\": |-\n      start\n    \"content\": |-\n      [Unit]\n      Description=AWS Setup: Signal CloudFormation Success\n      ConditionPathExists=!/var/lib/dcos-cfn-signal\n      [Service]\n      Type=simple\n      Restart=on-failure\n      StartLimitInterval=0\n      RestartSec=15s\n      EnvironmentFile=/opt/mesosphere/environment\n      EnvironmentFile=/opt/mesosphere/etc/cfn_signal_metadata\n      Environment=\"AWS_CFN_SIGNAL_THIS_RESOURCE=SlaveServerGroup\"\n      ExecStartPre=/bin/ping -c1 leader.mesos\n      ExecStartPre=/opt/mesosphere/bin/cfn-signal\n      ExecStart=/usr/bin/touch /var/lib/dcos-cfn-signal\n    \"name\": |-\n      dcos-cfn-signal.service\n    \"no_block\": !!bool |-\n      true\n  \"update\":\n    \"reboot-strategy\": |-\n      off\n\"write_files\":\n- \"content\": |\n    rexray:\n      loglevel: info\n      modules:\n        default-admin:\n          host: tcp://127.0.0.1:61003\n      storageDrivers:\n      - ec2\n      volume:\n        unmount:\n          ignoreusedcount: true\n  \"path\": |-\n    /etc/rexray/config.yml\n  \"permissions\": |-\n    0644\n",
                            "vars.%": "4",
                            "vars.dcos_base_download_url": "https://downloads.dcos.io/dcos/stable",
                            "vars.dcos_bootstrap_url": "http://dcos-bootstrap-1-8-6.us-east-1-vpc.splat.ooyala.com:443",
                            "vars.dcos_configuration_init_url": "https://s3.amazonaws.com/ooyala-dcos/public/ooyala_dcos_init.sh",
                            "vars.dcos_master_registry_image": "registry:2"
                        },
                        "meta": {},
                        "tainted": false
                    },
                    "deposed": [],
                    "provider": ""
                },
                "data.template_file.slave_user_data": {
                    "type": "template_file",
                    "depends_on": [],
                    "primary": {
                        "id": "b71fa28ee56c44c35c9d6a407a34f88ae322a31cb01817cc78f3a0fe4f0bb688",
                        "attributes": {
                            "id": "b71fa28ee56c44c35c9d6a407a34f88ae322a31cb01817cc78f3a0fe4f0bb688",
                            "rendered": "#cloud-config\n#\n# dcos-download.service - wget dcos_install http://dcos-bootstrap-1-8-6.us-east-1-vpc.splat.ooyala.com:443\n# dcos-setup.service - dcos_install \u003cTYPE\u003e\n# dcos-config-init.service - init.sh \u003cTYPE\u003e https://s3.amazonaws.com/ooyala-dcos/public/ooyala_dcos_init.sh chef-like management. FIXME: another idea is to use a privilege configuration container.\n#\n\"coreos\":\n  \"units\":\n  - command: start\n    content: |\n      [Unit]\n      After=dcos.target docker.service\n      Description=Run dcos config init\n      [Service]\n      Type=oneshot\n      RemainAfterExit=yes\n      ExecStart=/bin/bash -c \"curl -L --retry 3 https://s3.amazonaws.com/ooyala-dcos/public/ooyala_dcos_init.sh | bash\"\n    name: dcos-config-init.service\n\n  - name: docker.service\n    drop-ins:\n      - name: 50-insecure-registry.conf\n        content: |\n          [Service]\n          #Environment='DOCKER_OPTS=--insecure-registry=\"leader.mesos:5000\"'\n          Environment='DOCKER_OPTS=--insecure-registry=\"10.0.0.0/16\" --insecure-registry=\"leader.mesos:5000\"'\n\n  - name: dcos-download.service\n    command: start\n    content: |\n      [Unit]\n      Description=Download and extract dcos bootstrap\n      After=network-online.target\n      Wants=network-online.target\n      ConditionPathExists=!/opt/mesosphere/\n      ConditionPathExists=!/opt/dcos_setup/\n      [Service]\n      Type=oneshot\n      StandardOutput=journal+console\n      StandardError=journal+console\n      RemainAfterExit=yes\n      ExecStartPre=/usr/bin/mkdir -p /opt/dcos_setup/\n      ExecStart=/usr/bin/curl --keepalive-time 2 -fLsSv --retry 20 -Y 100000 -y 60 -o /opt/dcos_setup/dcos_install.sh http://dcos-bootstrap-1-8-6.us-east-1-vpc.splat.ooyala.com:443/dcos_install.sh\n\n  - name: dcos-public-slave-setup.service\n    command: start\n    content: |\n      [Unit]\n      Description=Download and extract dcos bootstrap\n      After=dcos-download.service\n      Wants=dcos-download.service\n      ConditionPathExists=!/opt/mesosphere/\n      ConditionPathExists=/opt/dcos_setup/dcos_install.sh\n      [Service]\n      Type=oneshot\n      StandardOutput=journal+console\n      StandardError=journal+console\n      RemainAfterExit=yes\n      ExecStart=/usr/bin/bash -c \"/opt/dcos_setup/dcos_install.sh slave\"\n\n  - \"command\": |-\n      start\n    \"content\": |\n      [Unit]\n      Description=AWS Setup: Formats the /var/lib ephemeral drive\n      Before=var-lib.mount dbus.service\n      [Service]\n      Type=oneshot\n      RemainAfterExit=yes\n      ExecStart=/bin/bash -c \"(blkid -t TYPE=ext4 | grep xvdb) || (/usr/sbin/mkfs.ext4 -F /dev/xvdb)\"\n    \"name\": |-\n      format-var-lib-ephemeral.service\n  - \"command\": |-\n      start\n    \"content\": |\n      [Unit]\n      Description=AWS Setup: Mount /var/lib\n      Before=dbus.service\n      [Mount]\n      What=/dev/xvdb\n      Where=/var/lib\n      Type=ext4\n    \"name\": |-\n      var-lib.mount\n  - \"command\": |-\n      stop\n    \"mask\": !!bool |-\n      true\n    \"name\": |-\n      etcd.service\n  - \"command\": |-\n      stop\n    \"mask\": !!bool |-\n      true\n    \"name\": |-\n      update-engine.service\n  - \"command\": |-\n      stop\n    \"mask\": !!bool |-\n      true\n    \"name\": |-\n      locksmithd.service\n  - \"command\": |-\n      stop\n    \"name\": |-\n      systemd-resolved.service\n  - \"command\": |-\n      restart\n    \"name\": |-\n      systemd-journald.service\n  - \"command\": |-\n      restart\n    \"name\": |-\n      docker.service\n  - \"command\": |-\n      start\n    \"content\": |\n      [Unit]\n      Before=dcos.target\n      [Service]\n      Type=oneshot\n      StandardOutput=journal+console\n      StandardError=journal+console\n      ExecStartPre=/usr/bin/mkdir -p /etc/profile.d\n      ExecStart=/usr/bin/ln -sf /opt/mesosphere/environment.export /etc/profile.d/dcos.sh\n    \"name\": |-\n      dcos-link-env.service\n\n  - \"command\": |-\n      start\n    \"content\": |-\n      [Unit]\n      Description=AWS Setup: Signal CloudFormation Success\n      ConditionPathExists=!/var/lib/dcos-cfn-signal\n      [Service]\n      Type=simple\n      Restart=on-failure\n      StartLimitInterval=0\n      RestartSec=15s\n      EnvironmentFile=/opt/mesosphere/environment\n      EnvironmentFile=/opt/mesosphere/etc/cfn_signal_metadata\n      Environment=\"AWS_CFN_SIGNAL_THIS_RESOURCE=SlaveServerGroup\"\n      ExecStartPre=/bin/ping -c1 leader.mesos\n      ExecStartPre=/opt/mesosphere/bin/cfn-signal\n      ExecStart=/usr/bin/touch /var/lib/dcos-cfn-signal\n    \"name\": |-\n      dcos-cfn-signal.service\n    \"no_block\": !!bool |-\n      true\n  \"update\":\n    \"reboot-strategy\": |-\n      off\n\"write_files\":\n- \"content\": |\n    rexray:\n      loglevel: info\n      modules:\n        default-admin:\n          host: tcp://127.0.0.1:61003\n      storageDrivers:\n      - ec2\n      volume:\n        unmount:\n          ignoreusedcount: true\n  \"path\": |-\n    /etc/rexray/config.yml\n  \"permissions\": |-\n    0644\n",
                            "template": "#cloud-config\n#\n# dcos-download.service - wget dcos_install ${dcos_bootstrap_url}\n# dcos-setup.service - dcos_install \u003cTYPE\u003e\n# dcos-config-init.service - init.sh \u003cTYPE\u003e ${dcos_configuration_init_url} chef-like management. FIXME: another idea is to use a privilege configuration container.\n#\n\"coreos\":\n  \"units\":\n  - command: start\n    content: |\n      [Unit]\n      After=dcos.target docker.service\n      Description=Run dcos config init\n      [Service]\n      Type=oneshot\n      RemainAfterExit=yes\n      ExecStart=/bin/bash -c \"curl -L --retry 3 ${dcos_configuration_init_url} | bash\"\n    name: dcos-config-init.service\n\n  - name: docker.service\n    drop-ins:\n      - name: 50-insecure-registry.conf\n        content: |\n          [Service]\n          #Environment='DOCKER_OPTS=--insecure-registry=\"leader.mesos:5000\"'\n          Environment='DOCKER_OPTS=--insecure-registry=\"10.0.0.0/16\" --insecure-registry=\"leader.mesos:5000\"'\n\n  - name: dcos-download.service\n    command: start\n    content: |\n      [Unit]\n      Description=Download and extract dcos bootstrap\n      After=network-online.target\n      Wants=network-online.target\n      ConditionPathExists=!/opt/mesosphere/\n      ConditionPathExists=!/opt/dcos_setup/\n      [Service]\n      Type=oneshot\n      StandardOutput=journal+console\n      StandardError=journal+console\n      RemainAfterExit=yes\n      ExecStartPre=/usr/bin/mkdir -p /opt/dcos_setup/\n      ExecStart=/usr/bin/curl --keepalive-time 2 -fLsSv --retry 20 -Y 100000 -y 60 -o /opt/dcos_setup/dcos_install.sh ${dcos_bootstrap_url}/dcos_install.sh\n\n  - name: dcos-public-slave-setup.service\n    command: start\n    content: |\n      [Unit]\n      Description=Download and extract dcos bootstrap\n      After=dcos-download.service\n      Wants=dcos-download.service\n      ConditionPathExists=!/opt/mesosphere/\n      ConditionPathExists=/opt/dcos_setup/dcos_install.sh\n      [Service]\n      Type=oneshot\n      StandardOutput=journal+console\n      StandardError=journal+console\n      RemainAfterExit=yes\n      ExecStart=/usr/bin/bash -c \"/opt/dcos_setup/dcos_install.sh slave\"\n\n  - \"command\": |-\n      start\n    \"content\": |\n      [Unit]\n      Description=AWS Setup: Formats the /var/lib ephemeral drive\n      Before=var-lib.mount dbus.service\n      [Service]\n      Type=oneshot\n      RemainAfterExit=yes\n      ExecStart=/bin/bash -c \"(blkid -t TYPE=ext4 | grep xvdb) || (/usr/sbin/mkfs.ext4 -F /dev/xvdb)\"\n    \"name\": |-\n      format-var-lib-ephemeral.service\n  - \"command\": |-\n      start\n    \"content\": |\n      [Unit]\n      Description=AWS Setup: Mount /var/lib\n      Before=dbus.service\n      [Mount]\n      What=/dev/xvdb\n      Where=/var/lib\n      Type=ext4\n    \"name\": |-\n      var-lib.mount\n  - \"command\": |-\n      stop\n    \"mask\": !!bool |-\n      true\n    \"name\": |-\n      etcd.service\n  - \"command\": |-\n      stop\n    \"mask\": !!bool |-\n      true\n    \"name\": |-\n      update-engine.service\n  - \"command\": |-\n      stop\n    \"mask\": !!bool |-\n      true\n    \"name\": |-\n      locksmithd.service\n  - \"command\": |-\n      stop\n    \"name\": |-\n      systemd-resolved.service\n  - \"command\": |-\n      restart\n    \"name\": |-\n      systemd-journald.service\n  - \"command\": |-\n      restart\n    \"name\": |-\n      docker.service\n  - \"command\": |-\n      start\n    \"content\": |\n      [Unit]\n      Before=dcos.target\n      [Service]\n      Type=oneshot\n      StandardOutput=journal+console\n      StandardError=journal+console\n      ExecStartPre=/usr/bin/mkdir -p /etc/profile.d\n      ExecStart=/usr/bin/ln -sf /opt/mesosphere/environment.export /etc/profile.d/dcos.sh\n    \"name\": |-\n      dcos-link-env.service\n\n  - \"command\": |-\n      start\n    \"content\": |-\n      [Unit]\n      Description=AWS Setup: Signal CloudFormation Success\n      ConditionPathExists=!/var/lib/dcos-cfn-signal\n      [Service]\n      Type=simple\n      Restart=on-failure\n      StartLimitInterval=0\n      RestartSec=15s\n      EnvironmentFile=/opt/mesosphere/environment\n      EnvironmentFile=/opt/mesosphere/etc/cfn_signal_metadata\n      Environment=\"AWS_CFN_SIGNAL_THIS_RESOURCE=SlaveServerGroup\"\n      ExecStartPre=/bin/ping -c1 leader.mesos\n      ExecStartPre=/opt/mesosphere/bin/cfn-signal\n      ExecStart=/usr/bin/touch /var/lib/dcos-cfn-signal\n    \"name\": |-\n      dcos-cfn-signal.service\n    \"no_block\": !!bool |-\n      true\n  \"update\":\n    \"reboot-strategy\": |-\n      off\n\"write_files\":\n- \"content\": |\n    rexray:\n      loglevel: info\n      modules:\n        default-admin:\n          host: tcp://127.0.0.1:61003\n      storageDrivers:\n      - ec2\n      volume:\n        unmount:\n          ignoreusedcount: true\n  \"path\": |-\n    /etc/rexray/config.yml\n  \"permissions\": |-\n    0644\n",
                            "vars.%": "4",
                            "vars.dcos_base_download_url": "https://downloads.dcos.io/dcos/stable",
                            "vars.dcos_bootstrap_url": "http://dcos-bootstrap-1-8-6.us-east-1-vpc.splat.ooyala.com:443",
                            "vars.dcos_configuration_init_url": "https://s3.amazonaws.com/ooyala-dcos/public/ooyala_dcos_init.sh",
                            "vars.dcos_master_registry_image": "registry:2"
                        },
                        "meta": {},
                        "tainted": false
                    },
                    "deposed": [],
                    "provider": ""
                }
            },
            "depends_on": []
        }
    ]
}
